Microsoft Visual Studio Solution File, Format Version 12.00
# Visual Studio Version 17
VisualStudioVersion = 17.5.002.0
MinimumVisualStudioVersion = 10.0.40219.1
Project("{9A19103F-16F7-4668-BE54-9A1E7A4F7556}") = "Chirp.CLI", "Chirp.CLI\Chirp.CLI.csproj", "{A8E5A6DA-2D71-4D4D-B4CA-28FD62953C5D}"
EndProject
Project("{FAE04EC0-301F-11D3-BF4B-00C04F79EFBC}") = "SimpleDB", "SimpleDB\SimpleDB.csproj", "{3BB20C81-B914-444E-ABAF-A04B9414A25E}"
EndProject
Global
	GlobalSection(SolutionConfigurationPlatforms) = preSolution
		Debug|Any CPU = Debug|Any CPU
		Release|Any CPU = Release|Any CPU
	EndGlobalSection
	GlobalSection(ProjectConfigurationPlatforms) = postSolution
		{A8E5A6DA-2D71-4D4D-B4CA-28FD62953C5D}.Debug|Any CPU.ActiveCfg = Debug|Any CPU
		{A8E5A6DA-2D71-4D4D-B4CA-28FD62953C5D}.Debug|Any CPU.Build.0 = Debug|Any CPU
		{A8E5A6DA-2D71-4D4D-B4CA-28FD62953C5D}.Release|Any CPU.ActiveCfg = Release|Any CPU
		{A8E5A6DA-2D71-4D4D-B4CA-28FD62953C5D}.Release|Any CPU.Build.0 = Release|Any CPU
		{81BF20A1-9C9B-4256-8A8B-932A430B5144}.Debug|Any CPU.ActiveCfg = Debug|Any CPU
		{81BF20A1-9C9B-4256-8A8B-932A430B5144}.Debug|Any CPU.Build.0 = Debug|Any CPU
		{81BF20A1-9C9B-4256-8A8B-932A430B5144}.Release|Any CPU.ActiveCfg = Release|Any CPU
		{81BF20A1-9C9B-4256-8A8B-932A430B5144}.Release|Any CPU.Build.0 = Release|Any CPU
		{3BB20C81-B914-444E-ABAF-A04B9414A25E}.Debug|Any CPU.ActiveCfg = Debug|Any CPU
		{3BB20C81-B914-444E-ABAF-A04B9414A25E}.Debug|Any CPU.Build.0 = Debug|Any CPU
		{3BB20C81-B914-444E-ABAF-A04B9414A25E}.Release|Any CPU.ActiveCfg = Release|Any CPU
		{3BB20C81-B914-444E-ABAF-A04B9414A25E}.Release|Any CPU.Build.0 = Release|Any CPU
	EndGlobalSection
	GlobalSection(SolutionProperties) = preSolution
		HideSolutionNode = FALSE
	EndGlobalSection
	GlobalSection(ExtensibilityGlobals) = postSolution
		SolutionGuid = {D58F2AD2-A617-41D0-85B9-FDEC0629C232}
	EndGlobalSection
EndGlobal