
Microsoft Visual Studio Solution File, Format Version 12.00
# Visual Studio Version 17
VisualStudioVersion = 17.0.31903.59
MinimumVisualStudioVersion = 10.0.40219.1
Project("{2150E333-8FDC-42A3-9474-1A3956D46DE8}") = "src", "src", "{86E41C6E-CCA5-4F0F-A206-B9B942A04E4D}"
EndProject
Project("{FAE04EC0-301F-11D3-BF4B-00C04F79EFBC}") = "Chirp.Cli", "src\Chirp.CLI\Chirp.Cli.csproj", "{B12BF070-648E-4FBC-A49F-13125D8F9ED0}"
EndProject
Project("{FAE04EC0-301F-11D3-BF4B-00C04F79EFBC}") = "SimpleDB", "src\SimpleDB\SimpleDB.csproj", "{92CDA7B8-8149-40B1-AC2D-5622F1FD027D}"
EndProject
Project("{2150E333-8FDC-42A3-9474-1A3956D46DE8}") = "test", "test", "{378A055C-1957-4267-8A5D-05F7EDF884E2}"
EndProject
Project("{FAE04EC0-301F-11D3-BF4B-00C04F79EFBC}") = "test", "test\ChirpTest\test.csproj", "{8BB1CD34-A929-4224-AC08-03A090A325B8}"
EndProject
Project("{FAE04EC0-301F-11D3-BF4B-00C04F79EFBC}") = "CSVTest", "test\CSVTest\CSVTest.csproj", "{E3915811-D871-4F91-A724-A59F9AC628F0}"
EndProject
Global
	GlobalSection(SolutionConfigurationPlatforms) = preSolution
		Debug|Any CPU = Debug|Any CPU
		Release|Any CPU = Release|Any CPU
	EndGlobalSection
	GlobalSection(SolutionProperties) = preSolution
		HideSolutionNode = FALSE
	EndGlobalSection
	GlobalSection(ProjectConfigurationPlatforms) = postSolution
		{B12BF070-648E-4FBC-A49F-13125D8F9ED0}.Debug|Any CPU.ActiveCfg = Debug|Any CPU
		{B12BF070-648E-4FBC-A49F-13125D8F9ED0}.Debug|Any CPU.Build.0 = Debug|Any CPU
		{B12BF070-648E-4FBC-A49F-13125D8F9ED0}.Release|Any CPU.ActiveCfg = Release|Any CPU
		{B12BF070-648E-4FBC-A49F-13125D8F9ED0}.Release|Any CPU.Build.0 = Release|Any CPU
		{92CDA7B8-8149-40B1-AC2D-5622F1FD027D}.Debug|Any CPU.ActiveCfg = Debug|Any CPU
		{92CDA7B8-8149-40B1-AC2D-5622F1FD027D}.Debug|Any CPU.Build.0 = Debug|Any CPU
		{92CDA7B8-8149-40B1-AC2D-5622F1FD027D}.Release|Any CPU.ActiveCfg = Release|Any CPU
		{92CDA7B8-8149-40B1-AC2D-5622F1FD027D}.Release|Any CPU.Build.0 = Release|Any CPU
		{8BB1CD34-A929-4224-AC08-03A090A325B8}.Debug|Any CPU.ActiveCfg = Debug|Any CPU
		{8BB1CD34-A929-4224-AC08-03A090A325B8}.Debug|Any CPU.Build.0 = Debug|Any CPU
		{8BB1CD34-A929-4224-AC08-03A090A325B8}.Release|Any CPU.ActiveCfg = Release|Any CPU
		{8BB1CD34-A929-4224-AC08-03A090A325B8}.Release|Any CPU.Build.0 = Release|Any CPU
		{E3915811-D871-4F91-A724-A59F9AC628F0}.Debug|Any CPU.ActiveCfg = Debug|Any CPU
		{E3915811-D871-4F91-A724-A59F9AC628F0}.Debug|Any CPU.Build.0 = Debug|Any CPU
		{E3915811-D871-4F91-A724-A59F9AC628F0}.Release|Any CPU.ActiveCfg = Release|Any CPU
		{E3915811-D871-4F91-A724-A59F9AC628F0}.Release|Any CPU.Build.0 = Release|Any CPU
	EndGlobalSection
	GlobalSection(NestedProjects) = preSolution
		{B12BF070-648E-4FBC-A49F-13125D8F9ED0} = {86E41C6E-CCA5-4F0F-A206-B9B942A04E4D}
		{92CDA7B8-8149-40B1-AC2D-5622F1FD027D} = {86E41C6E-CCA5-4F0F-A206-B9B942A04E4D}
		{8BB1CD34-A929-4224-AC08-03A090A325B8} = {378A055C-1957-4267-8A5D-05F7EDF884E2}
		{E3915811-D871-4F91-A724-A59F9AC628F0} = {378A055C-1957-4267-8A5D-05F7EDF884E2}
	EndGlobalSection
EndGlobal
